
Microsoft Visual Studio Solution File, Format Version 12.00
Project("{FAE04EC0-301F-11D3-BF4B-00C04F79EFBC}") = "PhotoGallery.API", "src\PhotoGallery.API\PhotoGallery.API.csproj", "{7755FBC0-AE3A-4EFF-BC70-77409B22FA4B}"
EndProject
Project("{FAE04EC0-301F-11D3-BF4B-00C04F79EFBC}") = "PhotoGallery.Domain", "src\PhotoGallery.Domain\PhotoGallery.Domain.csproj", "{AC601964-6E61-4FCA-B8A1-B4E0C4222F3E}"
EndProject
Project("{FAE04EC0-301F-11D3-BF4B-00C04F79EFBC}") = "PhotoGallery.UseCases", "src\PhotoGallery.UseCases\PhotoGallery.UseCases.csproj", "{572BE246-2E4F-41B7-BB0F-DCAA53EF3292}"
EndProject
Project("{FAE04EC0-301F-11D3-BF4B-00C04F79EFBC}") = "PhotoGallery.Infrastructure", "src\PhotoGallery.Infrastructure\PhotoGallery.Infrastructure.csproj", "{3DB7F16B-685D-4989-8C63-8EA67ED5A927}"
EndProject
Global
	GlobalSection(SolutionConfigurationPlatforms) = preSolution
		Debug|Any CPU = Debug|Any CPU
		Release|Any CPU = Release|Any CPU
	EndGlobalSection
	GlobalSection(ProjectConfigurationPlatforms) = postSolution
		{7755FBC0-AE3A-4EFF-BC70-77409B22FA4B}.Debug|Any CPU.ActiveCfg = Debug|Any CPU
		{7755FBC0-AE3A-4EFF-BC70-77409B22FA4B}.Debug|Any CPU.Build.0 = Debug|Any CPU
		{7755FBC0-AE3A-4EFF-BC70-77409B22FA4B}.Release|Any CPU.ActiveCfg = Release|Any CPU
		{7755FBC0-AE3A-4EFF-BC70-77409B22FA4B}.Release|Any CPU.Build.0 = Release|Any CPU
		{AC601964-6E61-4FCA-B8A1-B4E0C4222F3E}.Debug|Any CPU.ActiveCfg = Debug|Any CPU
		{AC601964-6E61-4FCA-B8A1-B4E0C4222F3E}.Debug|Any CPU.Build.0 = Debug|Any CPU
		{AC601964-6E61-4FCA-B8A1-B4E0C4222F3E}.Release|Any CPU.ActiveCfg = Release|Any CPU
		{AC601964-6E61-4FCA-B8A1-B4E0C4222F3E}.Release|Any CPU.Build.0 = Release|Any CPU
		{572BE246-2E4F-41B7-BB0F-DCAA53EF3292}.Debug|Any CPU.ActiveCfg = Debug|Any CPU
		{572BE246-2E4F-41B7-BB0F-DCAA53EF3292}.Debug|Any CPU.Build.0 = Debug|Any CPU
		{572BE246-2E4F-41B7-BB0F-DCAA53EF3292}.Release|Any CPU.ActiveCfg = Release|Any CPU
		{572BE246-2E4F-41B7-BB0F-DCAA53EF3292}.Release|Any CPU.Build.0 = Release|Any CPU
		{3DB7F16B-685D-4989-8C63-8EA67ED5A927}.Debug|Any CPU.ActiveCfg = Debug|Any CPU
		{3DB7F16B-685D-4989-8C63-8EA67ED5A927}.Debug|Any CPU.Build.0 = Debug|Any CPU
		{3DB7F16B-685D-4989-8C63-8EA67ED5A927}.Release|Any CPU.ActiveCfg = Release|Any CPU
		{3DB7F16B-685D-4989-8C63-8EA67ED5A927}.Release|Any CPU.Build.0 = Release|Any CPU
	EndGlobalSection
EndGlobal
